
Microsoft Visual Studio Solution File, Format Version 12.00
# Visual Studio Version 17
VisualStudioVersion = 17.11.35312.102
MinimumVisualStudioVersion = 10.0.40219.1
Project("{FAE04EC0-301F-11D3-BF4B-00C04F79EFBC}") = "T_ECommerce_MVC.Web", "T_ECommerce_MVC.Web\T_ECommerce_MVC.Web.csproj", "{2243B703-EA40-42D1-89C1-C2316677E4EF}"
EndProject
Project("{FAE04EC0-301F-11D3-BF4B-00C04F79EFBC}") = "T_ECommerce_MVC.Models", "T_ECommerce_MVC.Models\T_ECommerce_MVC.Models.csproj", "{1259F2FA-6942-4FD5-90AE-2B668A2A2F0A}"
EndProject
Project("{FAE04EC0-301F-11D3-BF4B-00C04F79EFBC}") = "T_ECommerce_MVC.DataAccess", "T_ECommerce_MVC.DataAccess\T_ECommerce_MVC.DataAccess.csproj", "{E1064DC5-9957-49C8-8FEB-FF15F4B174D4}"
EndProject
Project("{FAE04EC0-301F-11D3-BF4B-00C04F79EFBC}") = "T_ECommerce_MVC.Util", "T_ECommerce_MVC.Util\T_ECommerce_MVC.Util.csproj", "{9D387E12-FEAA-441B-83AF-A1DA64CC7D9D}"
EndProject
Global
	GlobalSection(SolutionConfigurationPlatforms) = preSolution
		Debug|Any CPU = Debug|Any CPU
		Release|Any CPU = Release|Any CPU
	EndGlobalSection
	GlobalSection(ProjectConfigurationPlatforms) = postSolution
		{2243B703-EA40-42D1-89C1-C2316677E4EF}.Debug|Any CPU.ActiveCfg = Debug|Any CPU
		{2243B703-EA40-42D1-89C1-C2316677E4EF}.Debug|Any CPU.Build.0 = Debug|Any CPU
		{2243B703-EA40-42D1-89C1-C2316677E4EF}.Release|Any CPU.ActiveCfg = Release|Any CPU
		{2243B703-EA40-42D1-89C1-C2316677E4EF}.Release|Any CPU.Build.0 = Release|Any CPU
		{1259F2FA-6942-4FD5-90AE-2B668A2A2F0A}.Debug|Any CPU.ActiveCfg = Debug|Any CPU
		{1259F2FA-6942-4FD5-90AE-2B668A2A2F0A}.Debug|Any CPU.Build.0 = Debug|Any CPU
		{1259F2FA-6942-4FD5-90AE-2B668A2A2F0A}.Release|Any CPU.ActiveCfg = Release|Any CPU
		{1259F2FA-6942-4FD5-90AE-2B668A2A2F0A}.Release|Any CPU.Build.0 = Release|Any CPU
		{E1064DC5-9957-49C8-8FEB-FF15F4B174D4}.Debug|Any CPU.ActiveCfg = Debug|Any CPU
		{E1064DC5-9957-49C8-8FEB-FF15F4B174D4}.Debug|Any CPU.Build.0 = Debug|Any CPU
		{E1064DC5-9957-49C8-8FEB-FF15F4B174D4}.Release|Any CPU.ActiveCfg = Release|Any CPU
		{E1064DC5-9957-49C8-8FEB-FF15F4B174D4}.Release|Any CPU.Build.0 = Release|Any CPU
		{9D387E12-FEAA-441B-83AF-A1DA64CC7D9D}.Debug|Any CPU.ActiveCfg = Debug|Any CPU
		{9D387E12-FEAA-441B-83AF-A1DA64CC7D9D}.Debug|Any CPU.Build.0 = Debug|Any CPU
		{9D387E12-FEAA-441B-83AF-A1DA64CC7D9D}.Release|Any CPU.ActiveCfg = Release|Any CPU
		{9D387E12-FEAA-441B-83AF-A1DA64CC7D9D}.Release|Any CPU.Build.0 = Release|Any CPU
	EndGlobalSection
	GlobalSection(SolutionProperties) = preSolution
		HideSolutionNode = FALSE
	EndGlobalSection
	GlobalSection(ExtensibilityGlobals) = postSolution
		SolutionGuid = {29B902A2-F332-4693-9EEB-2435F6850BDC}
	EndGlobalSection
EndGlobal
