
Microsoft Visual Studio Solution File, Format Version 12.00
# Visual Studio Version 17
VisualStudioVersion = 17.11.35312.102
MinimumVisualStudioVersion = 10.0.40219.1
Project("{FAE04EC0-301F-11D3-BF4B-00C04F79EFBC}") = "T_ECommerce_MVC", "T_ECommerce_MVC\T_ECommerce_MVC.csproj", "{FA87C54F-B5C9-4BCC-8049-4F1F3713C383}"
EndProject
Global
	GlobalSection(SolutionConfigurationPlatforms) = preSolution
		Debug|Any CPU = Debug|Any CPU
		Release|Any CPU = Release|Any CPU
	EndGlobalSection
	GlobalSection(ProjectConfigurationPlatforms) = postSolution
		{FA87C54F-B5C9-4BCC-8049-4F1F3713C383}.Debug|Any CPU.ActiveCfg = Debug|Any CPU
		{FA87C54F-B5C9-4BCC-8049-4F1F3713C383}.Debug|Any CPU.Build.0 = Debug|Any CPU
		{FA87C54F-B5C9-4BCC-8049-4F1F3713C383}.Release|Any CPU.ActiveCfg = Release|Any CPU
		{FA87C54F-B5C9-4BCC-8049-4F1F3713C383}.Release|Any CPU.Build.0 = Release|Any CPU
	EndGlobalSection
	GlobalSection(SolutionProperties) = preSolution
		HideSolutionNode = FALSE
	EndGlobalSection
	GlobalSection(ExtensibilityGlobals) = postSolution
		SolutionGuid = {29B902A2-F332-4693-9EEB-2435F6850BDC}
	EndGlobalSection
EndGlobal
